
Microsoft Visual Studio Solution File, Format Version 12.00
Project("{FAE04EC0-301F-11D3-BF4B-00C04F79EFBC}") = "MinecraftJars", "MinecraftJars\MinecraftJars.csproj", "{90F123BD-86EB-4E02-B97B-825AC0EC533E}"
EndProject
Project("{FAE04EC0-301F-11D3-BF4B-00C04F79EFBC}") = "MinecraftJars.Core", "MinecraftJars.Core\MinecraftJars.Core.csproj", "{17C9C01F-C28B-4AFE-AAC7-198595CD4103}"
EndProject
Project("{FAE04EC0-301F-11D3-BF4B-00C04F79EFBC}") = "MinecraftJars.Plugin.Mojang", "MinecraftJars.Plugin\MinecraftJars.Plugin.Mojang\MinecraftJars.Plugin.Mojang.csproj", "{BD06361F-2325-4150-993D-9301E72C42C1}"
EndProject
Project("{FAE04EC0-301F-11D3-BF4B-00C04F79EFBC}") = "MinecraftJars.Demo.Console", "MinecraftJars.Demo\MinecraftJars.Demo.Console\MinecraftJars.Demo.Console.csproj", "{C0211B8D-C2AE-46EF-9457-15D167953773}"
EndProject
Project("{FAE04EC0-301F-11D3-BF4B-00C04F79EFBC}") = "MinecraftJars.Plugin.Paper", "MinecraftJars.Plugin\MinecraftJars.Plugin.Paper\MinecraftJars.Plugin.Paper.csproj", "{2900D6AA-CFD8-4F11-AA1B-B2DF1385FFFA}"
EndProject
Project("{FAE04EC0-301F-11D3-BF4B-00C04F79EFBC}") = "MinecraftJars.Plugin.Purpur", "MinecraftJars.Plugin\MinecraftJars.Plugin.Purpur\MinecraftJars.Plugin.Purpur.csproj", "{2038E46B-57FA-4BDA-8BE9-8FD852DF7A2B}"
EndProject
Project("{FAE04EC0-301F-11D3-BF4B-00C04F79EFBC}") = "MinecraftJars.Plugin.Mohist", "MinecraftJars.Plugin\MinecraftJars.Plugin.Mohist\MinecraftJars.Plugin.Mohist.csproj", "{D304031F-41FD-4B41-8767-EB9DBB34454B}"
EndProject
Project("{FAE04EC0-301F-11D3-BF4B-00C04F79EFBC}") = "MinecraftJars.Plugin.Spigot", "MinecraftJars.Plugin\MinecraftJars.Plugin.Spigot\MinecraftJars.Plugin.Spigot.csproj", "{7C807B9A-3F6C-4373-91B6-F84251F5AF71}"
EndProject
Project("{FAE04EC0-301F-11D3-BF4B-00C04F79EFBC}") = "MinecraftJars.Tests", "MinecraftJars.Tests\MinecraftJars.Tests.csproj", "{62EA85E3-0307-466D-810D-8A5D2773A49A}"
EndProject
Project("{FAE04EC0-301F-11D3-BF4B-00C04F79EFBC}") = "MinecraftJars.Plugin.Pocketmine", "MinecraftJars.Plugin\MinecraftJars.Plugin.Pocketmine\MinecraftJars.Plugin.Pocketmine.csproj", "{D3DD5E2C-ACDB-48A8-98EC-1E7B560FC668}"
EndProject
Project("{FAE04EC0-301F-11D3-BF4B-00C04F79EFBC}") = "MinecraftJars.Plugin.Fabric", "MinecraftJars.Plugin\MinecraftJars.Plugin.Fabric\MinecraftJars.Plugin.Fabric.csproj", "{032DAEF4-810E-44B4-A8E0-4A0039B1D42E}"
EndProject
Global
	GlobalSection(SolutionConfigurationPlatforms) = preSolution
		Debug|Any CPU = Debug|Any CPU
		Release|Any CPU = Release|Any CPU
	EndGlobalSection
	GlobalSection(ProjectConfigurationPlatforms) = postSolution
		{90F123BD-86EB-4E02-B97B-825AC0EC533E}.Debug|Any CPU.ActiveCfg = Debug|Any CPU
		{90F123BD-86EB-4E02-B97B-825AC0EC533E}.Debug|Any CPU.Build.0 = Debug|Any CPU
		{90F123BD-86EB-4E02-B97B-825AC0EC533E}.Release|Any CPU.ActiveCfg = Release|Any CPU
		{90F123BD-86EB-4E02-B97B-825AC0EC533E}.Release|Any CPU.Build.0 = Release|Any CPU
		{17C9C01F-C28B-4AFE-AAC7-198595CD4103}.Debug|Any CPU.ActiveCfg = Debug|Any CPU
		{17C9C01F-C28B-4AFE-AAC7-198595CD4103}.Debug|Any CPU.Build.0 = Debug|Any CPU
		{17C9C01F-C28B-4AFE-AAC7-198595CD4103}.Release|Any CPU.ActiveCfg = Release|Any CPU
		{17C9C01F-C28B-4AFE-AAC7-198595CD4103}.Release|Any CPU.Build.0 = Release|Any CPU
		{BD06361F-2325-4150-993D-9301E72C42C1}.Debug|Any CPU.ActiveCfg = Debug|Any CPU
		{BD06361F-2325-4150-993D-9301E72C42C1}.Debug|Any CPU.Build.0 = Debug|Any CPU
		{BD06361F-2325-4150-993D-9301E72C42C1}.Release|Any CPU.ActiveCfg = Release|Any CPU
		{BD06361F-2325-4150-993D-9301E72C42C1}.Release|Any CPU.Build.0 = Release|Any CPU
		{C0211B8D-C2AE-46EF-9457-15D167953773}.Debug|Any CPU.ActiveCfg = Debug|Any CPU
		{C0211B8D-C2AE-46EF-9457-15D167953773}.Debug|Any CPU.Build.0 = Debug|Any CPU
		{C0211B8D-C2AE-46EF-9457-15D167953773}.Release|Any CPU.ActiveCfg = Release|Any CPU
		{C0211B8D-C2AE-46EF-9457-15D167953773}.Release|Any CPU.Build.0 = Release|Any CPU
		{2900D6AA-CFD8-4F11-AA1B-B2DF1385FFFA}.Debug|Any CPU.ActiveCfg = Debug|Any CPU
		{2900D6AA-CFD8-4F11-AA1B-B2DF1385FFFA}.Debug|Any CPU.Build.0 = Debug|Any CPU
		{2900D6AA-CFD8-4F11-AA1B-B2DF1385FFFA}.Release|Any CPU.ActiveCfg = Release|Any CPU
		{2900D6AA-CFD8-4F11-AA1B-B2DF1385FFFA}.Release|Any CPU.Build.0 = Release|Any CPU
		{2038E46B-57FA-4BDA-8BE9-8FD852DF7A2B}.Debug|Any CPU.ActiveCfg = Debug|Any CPU
		{2038E46B-57FA-4BDA-8BE9-8FD852DF7A2B}.Debug|Any CPU.Build.0 = Debug|Any CPU
		{2038E46B-57FA-4BDA-8BE9-8FD852DF7A2B}.Release|Any CPU.ActiveCfg = Release|Any CPU
		{2038E46B-57FA-4BDA-8BE9-8FD852DF7A2B}.Release|Any CPU.Build.0 = Release|Any CPU
		{D304031F-41FD-4B41-8767-EB9DBB34454B}.Debug|Any CPU.ActiveCfg = Debug|Any CPU
		{D304031F-41FD-4B41-8767-EB9DBB34454B}.Debug|Any CPU.Build.0 = Debug|Any CPU
		{D304031F-41FD-4B41-8767-EB9DBB34454B}.Release|Any CPU.ActiveCfg = Release|Any CPU
		{D304031F-41FD-4B41-8767-EB9DBB34454B}.Release|Any CPU.Build.0 = Release|Any CPU
		{7C807B9A-3F6C-4373-91B6-F84251F5AF71}.Debug|Any CPU.ActiveCfg = Debug|Any CPU
		{7C807B9A-3F6C-4373-91B6-F84251F5AF71}.Debug|Any CPU.Build.0 = Debug|Any CPU
		{7C807B9A-3F6C-4373-91B6-F84251F5AF71}.Release|Any CPU.ActiveCfg = Release|Any CPU
		{7C807B9A-3F6C-4373-91B6-F84251F5AF71}.Release|Any CPU.Build.0 = Release|Any CPU
		{62EA85E3-0307-466D-810D-8A5D2773A49A}.Debug|Any CPU.ActiveCfg = Debug|Any CPU
		{62EA85E3-0307-466D-810D-8A5D2773A49A}.Debug|Any CPU.Build.0 = Debug|Any CPU
		{62EA85E3-0307-466D-810D-8A5D2773A49A}.Release|Any CPU.ActiveCfg = Release|Any CPU
		{62EA85E3-0307-466D-810D-8A5D2773A49A}.Release|Any CPU.Build.0 = Release|Any CPU
		{D3DD5E2C-ACDB-48A8-98EC-1E7B560FC668}.Debug|Any CPU.ActiveCfg = Debug|Any CPU
		{D3DD5E2C-ACDB-48A8-98EC-1E7B560FC668}.Debug|Any CPU.Build.0 = Debug|Any CPU
		{D3DD5E2C-ACDB-48A8-98EC-1E7B560FC668}.Release|Any CPU.ActiveCfg = Release|Any CPU
		{D3DD5E2C-ACDB-48A8-98EC-1E7B560FC668}.Release|Any CPU.Build.0 = Release|Any CPU
		{032DAEF4-810E-44B4-A8E0-4A0039B1D42E}.Debug|Any CPU.ActiveCfg = Debug|Any CPU
		{032DAEF4-810E-44B4-A8E0-4A0039B1D42E}.Debug|Any CPU.Build.0 = Debug|Any CPU
		{032DAEF4-810E-44B4-A8E0-4A0039B1D42E}.Release|Any CPU.ActiveCfg = Release|Any CPU
		{032DAEF4-810E-44B4-A8E0-4A0039B1D42E}.Release|Any CPU.Build.0 = Release|Any CPU
	EndGlobalSection
EndGlobal
